
Microsoft Visual Studio Solution File, Format Version 12.00
# Visual Studio 15
VisualStudioVersion = 15.0.28010.2003
MinimumVisualStudioVersion = 10.0.40219.1
Project("{FAE04EC0-301F-11D3-BF4B-00C04F79EFBC}") = "Project_2", "Project_2\Project_2.csproj", "{21B184B3-B9A0-4348-A601-36E88EB11410}"
EndProject
Global
	GlobalSection(SolutionConfigurationPlatforms) = preSolution
		Debug|Any CPU = Debug|Any CPU
		Release|Any CPU = Release|Any CPU
	EndGlobalSection
	GlobalSection(ProjectConfigurationPlatforms) = postSolution
		{21B184B3-B9A0-4348-A601-36E88EB11410}.Debug|Any CPU.ActiveCfg = Debug|Any CPU
		{21B184B3-B9A0-4348-A601-36E88EB11410}.Debug|Any CPU.Build.0 = Debug|Any CPU
		{21B184B3-B9A0-4348-A601-36E88EB11410}.Release|Any CPU.ActiveCfg = Release|Any CPU
		{21B184B3-B9A0-4348-A601-36E88EB11410}.Release|Any CPU.Build.0 = Release|Any CPU
	EndGlobalSection
	GlobalSection(SolutionProperties) = preSolution
		HideSolutionNode = FALSE
	EndGlobalSection
	GlobalSection(ExtensibilityGlobals) = postSolution
		SolutionGuid = {848A4E3C-1315-4DA4-815E-147861260019}
	EndGlobalSection
EndGlobal
